
Microsoft Visual Studio Solution File, Format Version 12.00
# Visual Studio 15
VisualStudioVersion = 15.0.26730.12
MinimumVisualStudioVersion = 10.0.40219.1
Project("{8BC9CEB8-8B4A-11D0-8D11-00A0C91BC942}") = "AA1_01", "scr\AA1_01\AA1_01.vcxproj", "{F558521C-3042-4DB6-A81F-3C74F06F0DE6}"
EndProject
Project("{8BC9CEB8-8B4A-11D0-8D11-00A0C91BC942}") = "AA1_02", "scr\AA1_02\AA1_02.vcxproj", "{58A0312C-4206-4E94-AF24-43D491E05E87}"
EndProject
Project("{8BC9CEB8-8B4A-11D0-8D11-00A0C91BC942}") = "AA1_05", "scr\AA1_05\AA1_05.vcxproj", "{1E194991-BFFB-4D54-89A7-877500405183}"
EndProject
Project("{8BC9CEB8-8B4A-11D0-8D11-00A0C91BC942}") = "MidTerm", "scr\MidTerm\MidTerm.vcxproj", "{257F6605-E5E3-47CB-8410-5EE5336BC89A}"
EndProject
Project("{8BC9CEB8-8B4A-11D0-8D11-00A0C91BC942}") = "AA1_06", "scr\AA1_06\AA1_06.vcxproj", "{0F28191F-6260-4EF5-A9EF-C4EA58DDB18E}"
EndProject
Global
	GlobalSection(SolutionConfigurationPlatforms) = preSolution
		Debug|x64 = Debug|x64
		Debug|x86 = Debug|x86
		Release|x64 = Release|x64
		Release|x86 = Release|x86
	EndGlobalSection
	GlobalSection(ProjectConfigurationPlatforms) = postSolution
		{F558521C-3042-4DB6-A81F-3C74F06F0DE6}.Debug|x64.ActiveCfg = Debug|x64
		{F558521C-3042-4DB6-A81F-3C74F06F0DE6}.Debug|x64.Build.0 = Debug|x64
		{F558521C-3042-4DB6-A81F-3C74F06F0DE6}.Debug|x86.ActiveCfg = Debug|Win32
		{F558521C-3042-4DB6-A81F-3C74F06F0DE6}.Debug|x86.Build.0 = Debug|Win32
		{F558521C-3042-4DB6-A81F-3C74F06F0DE6}.Release|x64.ActiveCfg = Release|x64
		{F558521C-3042-4DB6-A81F-3C74F06F0DE6}.Release|x64.Build.0 = Release|x64
		{F558521C-3042-4DB6-A81F-3C74F06F0DE6}.Release|x86.ActiveCfg = Release|Win32
		{F558521C-3042-4DB6-A81F-3C74F06F0DE6}.Release|x86.Build.0 = Release|Win32
		{58A0312C-4206-4E94-AF24-43D491E05E87}.Debug|x64.ActiveCfg = Debug|x64
		{58A0312C-4206-4E94-AF24-43D491E05E87}.Debug|x64.Build.0 = Debug|x64
		{58A0312C-4206-4E94-AF24-43D491E05E87}.Debug|x86.ActiveCfg = Debug|Win32
		{58A0312C-4206-4E94-AF24-43D491E05E87}.Debug|x86.Build.0 = Debug|Win32
		{58A0312C-4206-4E94-AF24-43D491E05E87}.Release|x64.ActiveCfg = Release|x64
		{58A0312C-4206-4E94-AF24-43D491E05E87}.Release|x64.Build.0 = Release|x64
		{58A0312C-4206-4E94-AF24-43D491E05E87}.Release|x86.ActiveCfg = Release|Win32
		{58A0312C-4206-4E94-AF24-43D491E05E87}.Release|x86.Build.0 = Release|Win32
		{1E194991-BFFB-4D54-89A7-877500405183}.Debug|x64.ActiveCfg = Debug|x64
		{1E194991-BFFB-4D54-89A7-877500405183}.Debug|x64.Build.0 = Debug|x64
		{1E194991-BFFB-4D54-89A7-877500405183}.Debug|x86.ActiveCfg = Debug|Win32
		{1E194991-BFFB-4D54-89A7-877500405183}.Debug|x86.Build.0 = Debug|Win32
		{1E194991-BFFB-4D54-89A7-877500405183}.Release|x64.ActiveCfg = Release|x64
		{1E194991-BFFB-4D54-89A7-877500405183}.Release|x64.Build.0 = Release|x64
		{1E194991-BFFB-4D54-89A7-877500405183}.Release|x86.ActiveCfg = Release|Win32
		{1E194991-BFFB-4D54-89A7-877500405183}.Release|x86.Build.0 = Release|Win32
		{257F6605-E5E3-47CB-8410-5EE5336BC89A}.Debug|x64.ActiveCfg = Debug|x64
		{257F6605-E5E3-47CB-8410-5EE5336BC89A}.Debug|x64.Build.0 = Debug|x64
		{257F6605-E5E3-47CB-8410-5EE5336BC89A}.Debug|x86.ActiveCfg = Debug|Win32
		{257F6605-E5E3-47CB-8410-5EE5336BC89A}.Debug|x86.Build.0 = Debug|Win32
		{257F6605-E5E3-47CB-8410-5EE5336BC89A}.Release|x64.ActiveCfg = Release|x64
		{257F6605-E5E3-47CB-8410-5EE5336BC89A}.Release|x64.Build.0 = Release|x64
		{257F6605-E5E3-47CB-8410-5EE5336BC89A}.Release|x86.ActiveCfg = Release|Win32
		{257F6605-E5E3-47CB-8410-5EE5336BC89A}.Release|x86.Build.0 = Release|Win32
		{0F28191F-6260-4EF5-A9EF-C4EA58DDB18E}.Debug|x64.ActiveCfg = Debug|x64
		{0F28191F-6260-4EF5-A9EF-C4EA58DDB18E}.Debug|x64.Build.0 = Debug|x64
		{0F28191F-6260-4EF5-A9EF-C4EA58DDB18E}.Debug|x86.ActiveCfg = Debug|Win32
		{0F28191F-6260-4EF5-A9EF-C4EA58DDB18E}.Debug|x86.Build.0 = Debug|Win32
		{0F28191F-6260-4EF5-A9EF-C4EA58DDB18E}.Release|x64.ActiveCfg = Release|x64
		{0F28191F-6260-4EF5-A9EF-C4EA58DDB18E}.Release|x64.Build.0 = Release|x64
		{0F28191F-6260-4EF5-A9EF-C4EA58DDB18E}.Release|x86.ActiveCfg = Release|Win32
		{0F28191F-6260-4EF5-A9EF-C4EA58DDB18E}.Release|x86.Build.0 = Release|Win32
	EndGlobalSection
	GlobalSection(SolutionProperties) = preSolution
		HideSolutionNode = FALSE
	EndGlobalSection
	GlobalSection(ExtensibilityGlobals) = postSolution
		SolutionGuid = {5417B6C6-94B5-4693-92D4-4055111A3C89}
	EndGlobalSection
EndGlobal
